
Microsoft Visual Studio Solution File, Format Version 12.00
# Visual Studio Version 17
VisualStudioVersion = 17.14.36203.30
MinimumVisualStudioVersion = 10.0.40219.1
Project("{11A8DD76-328B-46DF-9F39-F559912D0360}") = "nanoFramework.Tarantool.Queue", "nanoFramework.Tarantool.Queue\nanoFramework.Tarantool.Queue.nfproj", "{91483DCA-26B9-4ACF-B14B-3BDF4C81E97F}"
EndProject
Project("{2150E333-8FDC-42A3-9474-1A3956D46DE8}") = "Shared", "Shared", "{02EA681E-C7D8-13C7-8484-4AC65E1B71E8}"
EndProject
Project("{D954291E-2A0B-460D-934E-DC6B0785DB48}") = "Tarantool.Queue", "Shared\Tarantool.Queue\Tarantool.Queue.shproj", "{756C82B5-5923-4E41-83D6-B5B34A534D00}"
EndProject
Project("{FAE04EC0-301F-11D3-BF4B-00C04F79EFBC}") = "nanoFramework.Tarantool.Queue.Net", "nanoFramework.Tarantool.Queue.Net\nanoFramework.Tarantool.Queue.Net.csproj", "{BFA99E82-5145-4C07-A21C-7A232C729BF5}"
EndProject
Project("{2150E333-8FDC-42A3-9474-1A3956D46DE8}") = "Solution Items", "Solution Items", "{7F158173-4AA1-4C88-B036-42F8D408B690}"
	ProjectSection(SolutionItems) = preProject
		nanoFramework.Tarantool.Queue.nuspec = nanoFramework.Tarantool.Queue.nuspec
		README.md = README.md
		version.json = version.json
	EndProjectSection
EndProject
Project("{FAE04EC0-301F-11D3-BF4B-00C04F79EFBC}") = "Net.Tarantool.Queue.Tests", "Net.Tarantool.Queue.Tests\Net.Tarantool.Queue.Tests.csproj", "{C2C06AC0-90BE-4EB8-A481-B7D90037A06F}"
EndProject
Project("{D954291E-2A0B-460D-934E-DC6B0785DB48}") = "Tests", "Shared\Tests\Tests.shproj", "{68A4FC5D-334C-4639-9640-E8BF647E8A8B}"
EndProject
Project("{11A8DD76-328B-46DF-9F39-F559912D0360}") = "NFUnitTest", "NFUnitTest\NFUnitTest.nfproj", "{78373247-2931-42C6-9D53-CEEC400F1684}"
EndProject
Global
	GlobalSection(SolutionConfigurationPlatforms) = preSolution
		Debug|Any CPU = Debug|Any CPU
		Release|Any CPU = Release|Any CPU
	EndGlobalSection
	GlobalSection(ProjectConfigurationPlatforms) = postSolution
		{91483DCA-26B9-4ACF-B14B-3BDF4C81E97F}.Debug|Any CPU.ActiveCfg = Debug|Any CPU
		{91483DCA-26B9-4ACF-B14B-3BDF4C81E97F}.Debug|Any CPU.Build.0 = Debug|Any CPU
		{91483DCA-26B9-4ACF-B14B-3BDF4C81E97F}.Debug|Any CPU.Deploy.0 = Debug|Any CPU
		{91483DCA-26B9-4ACF-B14B-3BDF4C81E97F}.Release|Any CPU.ActiveCfg = Release|Any CPU
		{91483DCA-26B9-4ACF-B14B-3BDF4C81E97F}.Release|Any CPU.Build.0 = Release|Any CPU
		{91483DCA-26B9-4ACF-B14B-3BDF4C81E97F}.Release|Any CPU.Deploy.0 = Release|Any CPU
		{BFA99E82-5145-4C07-A21C-7A232C729BF5}.Debug|Any CPU.ActiveCfg = Debug|Any CPU
		{BFA99E82-5145-4C07-A21C-7A232C729BF5}.Debug|Any CPU.Build.0 = Debug|Any CPU
		{BFA99E82-5145-4C07-A21C-7A232C729BF5}.Release|Any CPU.ActiveCfg = Release|Any CPU
		{BFA99E82-5145-4C07-A21C-7A232C729BF5}.Release|Any CPU.Build.0 = Release|Any CPU
		{C2C06AC0-90BE-4EB8-A481-B7D90037A06F}.Debug|Any CPU.ActiveCfg = Debug|Any CPU
		{C2C06AC0-90BE-4EB8-A481-B7D90037A06F}.Debug|Any CPU.Build.0 = Debug|Any CPU
		{C2C06AC0-90BE-4EB8-A481-B7D90037A06F}.Release|Any CPU.ActiveCfg = Release|Any CPU
		{C2C06AC0-90BE-4EB8-A481-B7D90037A06F}.Release|Any CPU.Build.0 = Release|Any CPU
		{78373247-2931-42C6-9D53-CEEC400F1684}.Debug|Any CPU.ActiveCfg = Debug|Any CPU
		{78373247-2931-42C6-9D53-CEEC400F1684}.Debug|Any CPU.Build.0 = Debug|Any CPU
		{78373247-2931-42C6-9D53-CEEC400F1684}.Debug|Any CPU.Deploy.0 = Debug|Any CPU
		{78373247-2931-42C6-9D53-CEEC400F1684}.Release|Any CPU.ActiveCfg = Release|Any CPU
		{78373247-2931-42C6-9D53-CEEC400F1684}.Release|Any CPU.Build.0 = Release|Any CPU
		{78373247-2931-42C6-9D53-CEEC400F1684}.Release|Any CPU.Deploy.0 = Release|Any CPU
	EndGlobalSection
	GlobalSection(SolutionProperties) = preSolution
		HideSolutionNode = FALSE
	EndGlobalSection
	GlobalSection(NestedProjects) = preSolution
		{756C82B5-5923-4E41-83D6-B5B34A534D00} = {02EA681E-C7D8-13C7-8484-4AC65E1B71E8}
		{68A4FC5D-334C-4639-9640-E8BF647E8A8B} = {02EA681E-C7D8-13C7-8484-4AC65E1B71E8}
	EndGlobalSection
	GlobalSection(ExtensibilityGlobals) = postSolution
		SolutionGuid = {04523D53-7463-4D10-99A8-55278A09DF4B}
	EndGlobalSection
	GlobalSection(SharedMSBuildProjectFiles) = preSolution
		Shared\Tests\Tests.projitems*{68a4fc5d-334c-4639-9640-e8bf647e8a8b}*SharedItemsImports = 13
		Shared\Tarantool.Queue\Tarantool.Queue.projitems*{756c82b5-5923-4e41-83d6-b5b34a534d00}*SharedItemsImports = 13
		Shared\Tarantool.Queue\Tarantool.Queue.projitems*{bfa99e82-5145-4c07-a21c-7a232c729bf5}*SharedItemsImports = 5
		Shared\Tests\Tests.projitems*{c2c06ac0-90be-4eb8-a481-b7d90037a06f}*SharedItemsImports = 5
	EndGlobalSection
EndGlobal
